
Microsoft Visual Studio Solution File, Format Version 12.00
# Visual Studio Version 16
VisualStudioVersion = 16.0.31410.357
MinimumVisualStudioVersion = 10.0.40219.1
Project("{9A19103F-16F7-4668-BE54-9A1E7A4F7556}") = "WebApplication1", "WebApplication1\WebApplication1.csproj", "{86251A4C-EC7A-4DF9-8FAB-BE748EC1F8DF}"
EndProject
Project("{9A19103F-16F7-4668-BE54-9A1E7A4F7556}") = "MassTransit.Contracts", "MassTransit.Contracts\MassTransit.Contracts.csproj", "{9F132FE1-68C9-425A-B2C8-9AF6B2A727ED}"
EndProject
Project("{FAE04EC0-301F-11D3-BF4B-00C04F79EFBC}") = "MassTransit.Services", "MassTransit.Services\MassTransit.Services.csproj", "{C59955C0-DEE3-411C-B882-FA00FFED1B12}"
EndProject
Global
	GlobalSection(SolutionConfigurationPlatforms) = preSolution
		Debug|Any CPU = Debug|Any CPU
		Release|Any CPU = Release|Any CPU
	EndGlobalSection
	GlobalSection(ProjectConfigurationPlatforms) = postSolution
		{86251A4C-EC7A-4DF9-8FAB-BE748EC1F8DF}.Debug|Any CPU.ActiveCfg = Debug|Any CPU
		{86251A4C-EC7A-4DF9-8FAB-BE748EC1F8DF}.Debug|Any CPU.Build.0 = Debug|Any CPU
		{86251A4C-EC7A-4DF9-8FAB-BE748EC1F8DF}.Release|Any CPU.ActiveCfg = Release|Any CPU
		{86251A4C-EC7A-4DF9-8FAB-BE748EC1F8DF}.Release|Any CPU.Build.0 = Release|Any CPU
		{9F132FE1-68C9-425A-B2C8-9AF6B2A727ED}.Debug|Any CPU.ActiveCfg = Debug|Any CPU
		{9F132FE1-68C9-425A-B2C8-9AF6B2A727ED}.Debug|Any CPU.Build.0 = Debug|Any CPU
		{9F132FE1-68C9-425A-B2C8-9AF6B2A727ED}.Release|Any CPU.ActiveCfg = Release|Any CPU
		{9F132FE1-68C9-425A-B2C8-9AF6B2A727ED}.Release|Any CPU.Build.0 = Release|Any CPU
		{C59955C0-DEE3-411C-B882-FA00FFED1B12}.Debug|Any CPU.ActiveCfg = Debug|Any CPU
		{C59955C0-DEE3-411C-B882-FA00FFED1B12}.Debug|Any CPU.Build.0 = Debug|Any CPU
		{C59955C0-DEE3-411C-B882-FA00FFED1B12}.Release|Any CPU.ActiveCfg = Release|Any CPU
		{C59955C0-DEE3-411C-B882-FA00FFED1B12}.Release|Any CPU.Build.0 = Release|Any CPU
	EndGlobalSection
	GlobalSection(SolutionProperties) = preSolution
		HideSolutionNode = FALSE
	EndGlobalSection
	GlobalSection(ExtensibilityGlobals) = postSolution
		SolutionGuid = {8A9FAB54-CCBE-4560-A5CE-43E23801DD0D}
	EndGlobalSection
EndGlobal
